
Microsoft Visual Studio Solution File, Format Version 12.00
# Visual Studio 14
VisualStudioVersion = 14.0.24720.0
MinimumVisualStudioVersion = 10.0.40219.1
Project("{2150E333-8FDC-42A3-9474-1A3956D46DE8}") = "src", "src", "{9B92E1EF-03C9-4D2C-A8B3-FF03A44E2007}"
EndProject
Project("{2150E333-8FDC-42A3-9474-1A3956D46DE8}") = "Solution Items", "Solution Items", "{63ECEEEB-229C-43DA-9C52-0788683B10C4}"
	ProjectSection(SolutionItems) = preProject
		global.json = global.json
	EndProjectSection
EndProject
Project("{8BB2217D-0F2D-49D1-97BC-3654ED321F3B}") = "CouronneWeb", "src\CouronneWeb\CouronneWeb.xproj", "{9B10AA88-E29A-4BAF-8162-032177D2A10B}"
EndProject
Project("{8BB2217D-0F2D-49D1-97BC-3654ED321F3B}") = "Couronne.Core", "Couronne.Core\Couronne.Core.xproj", "{6687FEE3-5389-4AFC-B369-F84DB6B482F1}"
EndProject
Global
	GlobalSection(SolutionConfigurationPlatforms) = preSolution
		Debug|Any CPU = Debug|Any CPU
		Release|Any CPU = Release|Any CPU
	EndGlobalSection
	GlobalSection(ProjectConfigurationPlatforms) = postSolution
		{9B10AA88-E29A-4BAF-8162-032177D2A10B}.Debug|Any CPU.ActiveCfg = Debug|Any CPU
		{9B10AA88-E29A-4BAF-8162-032177D2A10B}.Debug|Any CPU.Build.0 = Debug|Any CPU
		{9B10AA88-E29A-4BAF-8162-032177D2A10B}.Release|Any CPU.ActiveCfg = Release|Any CPU
		{9B10AA88-E29A-4BAF-8162-032177D2A10B}.Release|Any CPU.Build.0 = Release|Any CPU
		{6687FEE3-5389-4AFC-B369-F84DB6B482F1}.Debug|Any CPU.ActiveCfg = Debug|Any CPU
		{6687FEE3-5389-4AFC-B369-F84DB6B482F1}.Debug|Any CPU.Build.0 = Debug|Any CPU
		{6687FEE3-5389-4AFC-B369-F84DB6B482F1}.Release|Any CPU.ActiveCfg = Release|Any CPU
		{6687FEE3-5389-4AFC-B369-F84DB6B482F1}.Release|Any CPU.Build.0 = Release|Any CPU
	EndGlobalSection
	GlobalSection(SolutionProperties) = preSolution
		HideSolutionNode = FALSE
	EndGlobalSection
	GlobalSection(NestedProjects) = preSolution
		{9B10AA88-E29A-4BAF-8162-032177D2A10B} = {9B92E1EF-03C9-4D2C-A8B3-FF03A44E2007}
		{6687FEE3-5389-4AFC-B369-F84DB6B482F1} = {63ECEEEB-229C-43DA-9C52-0788683B10C4}
	EndGlobalSection
EndGlobal
